{
  "name": "clase-23",
  "version": "1.0.0",
  "lockfileVersion": 1,
  "requires": true,
  "dependencies": {
    "normalizr": {
      "version": "3.6.1",
      "resolved": "https://registry.npmjs.org/normalizr/-/normalizr-3.6.1.tgz",
      "integrity": "sha512-8iEmqXmPtll8PwbEFrbPoDxVw7MKnNvt3PZzR2Xvq9nggEEOgBlNICPXYzyZ4w4AkHUzCU998mdatER3n2VaMA=="
    }
  }
}
